
Microsoft Visual Studio Solution File, Format Version 12.00
# Visual Studio 15
VisualStudioVersion = 15.0.26228.48
MinimumVisualStudioVersion = 10.0.40219.1
Project("{FAE04EC0-301F-11D3-BF4B-00C04F79EFBC}") = "WPF Rewind 2018", "WPF Rewind 2018\WPF Rewind 2018.csproj", "{5CCA3FAE-B3AD-431F-9F88-D72B63581EB1}"
EndProject
Project("{2150E333-8FDC-42A3-9474-1A3956D46DE8}") = "Layout Controls", "Layout Controls", "{86919579-101A-4978-B025-EA806034A85B}"
EndProject
Project("{FAE04EC0-301F-11D3-BF4B-00C04F79EFBC}") = "Canvas", "Canvas\Canvas.csproj", "{5285B1FA-E653-4E81-AAB5-6D77C1E0EAED}"
EndProject
Project("{FAE04EC0-301F-11D3-BF4B-00C04F79EFBC}") = "UniformGridRewind", "UniformGridRewind\UniformGridRewind.csproj", "{55F78241-2D0F-437A-B356-0B742D9048E1}"
EndProject
Project("{FAE04EC0-301F-11D3-BF4B-00C04F79EFBC}") = "WrapPanelRewind", "WrapPanelRewind\WrapPanelRewind.csproj", "{96C7543E-A03B-4D1A-A741-F49CB625EDCD}"
EndProject
Project("{FAE04EC0-301F-11D3-BF4B-00C04F79EFBC}") = "DockPanelRewind", "DockPanelRewind\DockPanelRewind.csproj", "{F0A26DB2-5FA9-4B75-9971-B7ECE8BBC01C}"
EndProject
Project("{FAE04EC0-301F-11D3-BF4B-00C04F79EFBC}") = "ExpanderRewind", "ExpanderRewind\ExpanderRewind.csproj", "{8EE53B92-86FD-4353-8EA6-43C2184F2FF1}"
EndProject
Project("{FAE04EC0-301F-11D3-BF4B-00C04F79EFBC}") = "ScrollViewerRewind", "ScrollViewerRewind\ScrollViewerRewind.csproj", "{01EDFA39-F6F2-4225-9345-5F61D63FC92E}"
EndProject
Project("{FAE04EC0-301F-11D3-BF4B-00C04F79EFBC}") = "BorderRewind", "BorderRewind\BorderRewind.csproj", "{1A586539-59E4-4281-A577-7247D7DFD5EF}"
EndProject
Project("{2150E333-8FDC-42A3-9474-1A3956D46DE8}") = "Learning", "Learning", "{62412F37-9D51-414E-8313-D3A3264913F2}"
EndProject
Project("{2150E333-8FDC-42A3-9474-1A3956D46DE8}") = "Layout Controls", "Layout Controls", "{0738D990-1E67-4FD7-8B24-D39277C55E85}"
EndProject
Project("{FAE04EC0-301F-11D3-BF4B-00C04F79EFBC}") = "LoginForm", "LoginForm\LoginForm.csproj", "{BEBCA091-9C69-4C6D-A4D3-C378DA4BB2E4}"
EndProject
Project("{2150E333-8FDC-42A3-9474-1A3956D46DE8}") = "Etc", "Etc", "{CCD5B2CB-3C38-4CCB-918F-97DEF0B21C7F}"
EndProject
Project("{FAE04EC0-301F-11D3-BF4B-00C04F79EFBC}") = "HitTestWPF", "HitTestWPF\HitTestWPF.csproj", "{5A8A0527-14D6-4866-9152-AF3150BB9A19}"
EndProject
Project("{FAE04EC0-301F-11D3-BF4B-00C04F79EFBC}") = "BrintIntoViewMethod", "BrintIntoViewMethod\BrintIntoViewMethod.csproj", "{21E981C3-5F1F-48EE-BC06-C42DCEE9081C}"
EndProject
Project("{FAE04EC0-301F-11D3-BF4B-00C04F79EFBC}") = "TooltipRewind", "TooltipRewind\TooltipRewind.csproj", "{9672281F-FCFE-4A0F-A54B-60D1B80872E8}"
EndProject
Project("{FAE04EC0-301F-11D3-BF4B-00C04F79EFBC}") = "TabItemSelectorEvent", "TabItemSelectorEvent\TabItemSelectorEvent.csproj", "{6A830577-A89B-42FA-92BF-EF2AAC5A36A7}"
EndProject
Project("{FAE04EC0-301F-11D3-BF4B-00C04F79EFBC}") = "GridSplitterRewind", "GridSplitterRewind\GridSplitterRewind.csproj", "{0CB76A80-4BAA-4900-873A-70051EA16DF2}"
EndProject
Project("{2150E333-8FDC-42A3-9474-1A3956D46DE8}") = "CommonControls", "CommonControls", "{C5D86EF4-AF4B-4546-83FA-A189C2F67B60}"
EndProject
Project("{FAE04EC0-301F-11D3-BF4B-00C04F79EFBC}") = "LabelAccessKeysRewind", "LabelAccessKeysRewind\LabelAccessKeysRewind.csproj", "{FB20C414-AAB0-4E6F-A145-32FC3DA0271F}"
EndProject
Global
	GlobalSection(SolutionConfigurationPlatforms) = preSolution
		Debug|Any CPU = Debug|Any CPU
		Release|Any CPU = Release|Any CPU
	EndGlobalSection
	GlobalSection(ProjectConfigurationPlatforms) = postSolution
		{5CCA3FAE-B3AD-431F-9F88-D72B63581EB1}.Debug|Any CPU.ActiveCfg = Debug|Any CPU
		{5CCA3FAE-B3AD-431F-9F88-D72B63581EB1}.Debug|Any CPU.Build.0 = Debug|Any CPU
		{5CCA3FAE-B3AD-431F-9F88-D72B63581EB1}.Release|Any CPU.ActiveCfg = Release|Any CPU
		{5CCA3FAE-B3AD-431F-9F88-D72B63581EB1}.Release|Any CPU.Build.0 = Release|Any CPU
		{5285B1FA-E653-4E81-AAB5-6D77C1E0EAED}.Debug|Any CPU.ActiveCfg = Debug|Any CPU
		{5285B1FA-E653-4E81-AAB5-6D77C1E0EAED}.Debug|Any CPU.Build.0 = Debug|Any CPU
		{5285B1FA-E653-4E81-AAB5-6D77C1E0EAED}.Release|Any CPU.ActiveCfg = Release|Any CPU
		{5285B1FA-E653-4E81-AAB5-6D77C1E0EAED}.Release|Any CPU.Build.0 = Release|Any CPU
		{55F78241-2D0F-437A-B356-0B742D9048E1}.Debug|Any CPU.ActiveCfg = Debug|Any CPU
		{55F78241-2D0F-437A-B356-0B742D9048E1}.Debug|Any CPU.Build.0 = Debug|Any CPU
		{55F78241-2D0F-437A-B356-0B742D9048E1}.Release|Any CPU.ActiveCfg = Release|Any CPU
		{55F78241-2D0F-437A-B356-0B742D9048E1}.Release|Any CPU.Build.0 = Release|Any CPU
		{96C7543E-A03B-4D1A-A741-F49CB625EDCD}.Debug|Any CPU.ActiveCfg = Debug|Any CPU
		{96C7543E-A03B-4D1A-A741-F49CB625EDCD}.Debug|Any CPU.Build.0 = Debug|Any CPU
		{96C7543E-A03B-4D1A-A741-F49CB625EDCD}.Release|Any CPU.ActiveCfg = Release|Any CPU
		{96C7543E-A03B-4D1A-A741-F49CB625EDCD}.Release|Any CPU.Build.0 = Release|Any CPU
		{F0A26DB2-5FA9-4B75-9971-B7ECE8BBC01C}.Debug|Any CPU.ActiveCfg = Debug|Any CPU
		{F0A26DB2-5FA9-4B75-9971-B7ECE8BBC01C}.Debug|Any CPU.Build.0 = Debug|Any CPU
		{F0A26DB2-5FA9-4B75-9971-B7ECE8BBC01C}.Release|Any CPU.ActiveCfg = Release|Any CPU
		{F0A26DB2-5FA9-4B75-9971-B7ECE8BBC01C}.Release|Any CPU.Build.0 = Release|Any CPU
		{8EE53B92-86FD-4353-8EA6-43C2184F2FF1}.Debug|Any CPU.ActiveCfg = Debug|Any CPU
		{8EE53B92-86FD-4353-8EA6-43C2184F2FF1}.Debug|Any CPU.Build.0 = Debug|Any CPU
		{8EE53B92-86FD-4353-8EA6-43C2184F2FF1}.Release|Any CPU.ActiveCfg = Release|Any CPU
		{8EE53B92-86FD-4353-8EA6-43C2184F2FF1}.Release|Any CPU.Build.0 = Release|Any CPU
		{01EDFA39-F6F2-4225-9345-5F61D63FC92E}.Debug|Any CPU.ActiveCfg = Debug|Any CPU
		{01EDFA39-F6F2-4225-9345-5F61D63FC92E}.Debug|Any CPU.Build.0 = Debug|Any CPU
		{01EDFA39-F6F2-4225-9345-5F61D63FC92E}.Release|Any CPU.ActiveCfg = Release|Any CPU
		{01EDFA39-F6F2-4225-9345-5F61D63FC92E}.Release|Any CPU.Build.0 = Release|Any CPU
		{1A586539-59E4-4281-A577-7247D7DFD5EF}.Debug|Any CPU.ActiveCfg = Debug|Any CPU
		{1A586539-59E4-4281-A577-7247D7DFD5EF}.Debug|Any CPU.Build.0 = Debug|Any CPU
		{1A586539-59E4-4281-A577-7247D7DFD5EF}.Release|Any CPU.ActiveCfg = Release|Any CPU
		{1A586539-59E4-4281-A577-7247D7DFD5EF}.Release|Any CPU.Build.0 = Release|Any CPU
		{BEBCA091-9C69-4C6D-A4D3-C378DA4BB2E4}.Debug|Any CPU.ActiveCfg = Debug|Any CPU
		{BEBCA091-9C69-4C6D-A4D3-C378DA4BB2E4}.Debug|Any CPU.Build.0 = Debug|Any CPU
		{BEBCA091-9C69-4C6D-A4D3-C378DA4BB2E4}.Release|Any CPU.ActiveCfg = Release|Any CPU
		{BEBCA091-9C69-4C6D-A4D3-C378DA4BB2E4}.Release|Any CPU.Build.0 = Release|Any CPU
		{5A8A0527-14D6-4866-9152-AF3150BB9A19}.Debug|Any CPU.ActiveCfg = Debug|Any CPU
		{5A8A0527-14D6-4866-9152-AF3150BB9A19}.Debug|Any CPU.Build.0 = Debug|Any CPU
		{5A8A0527-14D6-4866-9152-AF3150BB9A19}.Release|Any CPU.ActiveCfg = Release|Any CPU
		{5A8A0527-14D6-4866-9152-AF3150BB9A19}.Release|Any CPU.Build.0 = Release|Any CPU
		{21E981C3-5F1F-48EE-BC06-C42DCEE9081C}.Debug|Any CPU.ActiveCfg = Debug|Any CPU
		{21E981C3-5F1F-48EE-BC06-C42DCEE9081C}.Debug|Any CPU.Build.0 = Debug|Any CPU
		{21E981C3-5F1F-48EE-BC06-C42DCEE9081C}.Release|Any CPU.ActiveCfg = Release|Any CPU
		{21E981C3-5F1F-48EE-BC06-C42DCEE9081C}.Release|Any CPU.Build.0 = Release|Any CPU
		{9672281F-FCFE-4A0F-A54B-60D1B80872E8}.Debug|Any CPU.ActiveCfg = Debug|Any CPU
		{9672281F-FCFE-4A0F-A54B-60D1B80872E8}.Debug|Any CPU.Build.0 = Debug|Any CPU
		{9672281F-FCFE-4A0F-A54B-60D1B80872E8}.Release|Any CPU.ActiveCfg = Release|Any CPU
		{9672281F-FCFE-4A0F-A54B-60D1B80872E8}.Release|Any CPU.Build.0 = Release|Any CPU
		{6A830577-A89B-42FA-92BF-EF2AAC5A36A7}.Debug|Any CPU.ActiveCfg = Debug|Any CPU
		{6A830577-A89B-42FA-92BF-EF2AAC5A36A7}.Debug|Any CPU.Build.0 = Debug|Any CPU
		{6A830577-A89B-42FA-92BF-EF2AAC5A36A7}.Release|Any CPU.ActiveCfg = Release|Any CPU
		{6A830577-A89B-42FA-92BF-EF2AAC5A36A7}.Release|Any CPU.Build.0 = Release|Any CPU
		{0CB76A80-4BAA-4900-873A-70051EA16DF2}.Debug|Any CPU.ActiveCfg = Debug|Any CPU
		{0CB76A80-4BAA-4900-873A-70051EA16DF2}.Debug|Any CPU.Build.0 = Debug|Any CPU
		{0CB76A80-4BAA-4900-873A-70051EA16DF2}.Release|Any CPU.ActiveCfg = Release|Any CPU
		{0CB76A80-4BAA-4900-873A-70051EA16DF2}.Release|Any CPU.Build.0 = Release|Any CPU
		{FB20C414-AAB0-4E6F-A145-32FC3DA0271F}.Debug|Any CPU.ActiveCfg = Debug|Any CPU
		{FB20C414-AAB0-4E6F-A145-32FC3DA0271F}.Debug|Any CPU.Build.0 = Debug|Any CPU
		{FB20C414-AAB0-4E6F-A145-32FC3DA0271F}.Release|Any CPU.ActiveCfg = Release|Any CPU
		{FB20C414-AAB0-4E6F-A145-32FC3DA0271F}.Release|Any CPU.Build.0 = Release|Any CPU
	EndGlobalSection
	GlobalSection(SolutionProperties) = preSolution
		HideSolutionNode = FALSE
	EndGlobalSection
	GlobalSection(NestedProjects) = preSolution
		{5285B1FA-E653-4E81-AAB5-6D77C1E0EAED} = {86919579-101A-4978-B025-EA806034A85B}
		{55F78241-2D0F-437A-B356-0B742D9048E1} = {86919579-101A-4978-B025-EA806034A85B}
		{96C7543E-A03B-4D1A-A741-F49CB625EDCD} = {86919579-101A-4978-B025-EA806034A85B}
		{F0A26DB2-5FA9-4B75-9971-B7ECE8BBC01C} = {86919579-101A-4978-B025-EA806034A85B}
		{8EE53B92-86FD-4353-8EA6-43C2184F2FF1} = {86919579-101A-4978-B025-EA806034A85B}
		{01EDFA39-F6F2-4225-9345-5F61D63FC92E} = {86919579-101A-4978-B025-EA806034A85B}
		{1A586539-59E4-4281-A577-7247D7DFD5EF} = {86919579-101A-4978-B025-EA806034A85B}
		{0738D990-1E67-4FD7-8B24-D39277C55E85} = {62412F37-9D51-414E-8313-D3A3264913F2}
		{BEBCA091-9C69-4C6D-A4D3-C378DA4BB2E4} = {0738D990-1E67-4FD7-8B24-D39277C55E85}
		{CCD5B2CB-3C38-4CCB-918F-97DEF0B21C7F} = {62412F37-9D51-414E-8313-D3A3264913F2}
		{5A8A0527-14D6-4866-9152-AF3150BB9A19} = {CCD5B2CB-3C38-4CCB-918F-97DEF0B21C7F}
		{21E981C3-5F1F-48EE-BC06-C42DCEE9081C} = {CCD5B2CB-3C38-4CCB-918F-97DEF0B21C7F}
		{9672281F-FCFE-4A0F-A54B-60D1B80872E8} = {CCD5B2CB-3C38-4CCB-918F-97DEF0B21C7F}
		{6A830577-A89B-42FA-92BF-EF2AAC5A36A7} = {CCD5B2CB-3C38-4CCB-918F-97DEF0B21C7F}
		{0CB76A80-4BAA-4900-873A-70051EA16DF2} = {86919579-101A-4978-B025-EA806034A85B}
		{FB20C414-AAB0-4E6F-A145-32FC3DA0271F} = {C5D86EF4-AF4B-4546-83FA-A189C2F67B60}
	EndGlobalSection
	GlobalSection(ExtensibilityGlobals) = postSolution
		SolutionGuid = {EB96DFD7-D65D-4D03-8AD6-05DAF687F5B0}
	EndGlobalSection
EndGlobal
