
Microsoft Visual Studio Solution File, Format Version 12.00
# Visual Studio 15
VisualStudioVersion = 15.0.27130.2003
MinimumVisualStudioVersion = 10.0.40219.1
Project("{FAE04EC0-301F-11D3-BF4B-00C04F79EFBC}") = "WPF Rewind 2018", "WPF Rewind 2018\WPF Rewind 2018.csproj", "{5CCA3FAE-B3AD-431F-9F88-D72B63581EB1}"
EndProject
Project("{2150E333-8FDC-42A3-9474-1A3956D46DE8}") = "Layout Controls", "Layout Controls", "{86919579-101A-4978-B025-EA806034A85B}"
EndProject
Project("{FAE04EC0-301F-11D3-BF4B-00C04F79EFBC}") = "Canvas", "Canvas\Canvas.csproj", "{5285B1FA-E653-4E81-AAB5-6D77C1E0EAED}"
EndProject
Project("{FAE04EC0-301F-11D3-BF4B-00C04F79EFBC}") = "UniformGridRewind", "UniformGridRewind\UniformGridRewind.csproj", "{55F78241-2D0F-437A-B356-0B742D9048E1}"
EndProject
Project("{FAE04EC0-301F-11D3-BF4B-00C04F79EFBC}") = "WrapPanelRewind", "WrapPanelRewind\WrapPanelRewind.csproj", "{96C7543E-A03B-4D1A-A741-F49CB625EDCD}"
EndProject
Project("{FAE04EC0-301F-11D3-BF4B-00C04F79EFBC}") = "DockPanelRewind", "DockPanelRewind\DockPanelRewind.csproj", "{F0A26DB2-5FA9-4B75-9971-B7ECE8BBC01C}"
EndProject
Project("{FAE04EC0-301F-11D3-BF4B-00C04F79EFBC}") = "ExpanderRewind", "ExpanderRewind\ExpanderRewind.csproj", "{8EE53B92-86FD-4353-8EA6-43C2184F2FF1}"
EndProject
Project("{FAE04EC0-301F-11D3-BF4B-00C04F79EFBC}") = "ScrollViewerRewind", "ScrollViewerRewind\ScrollViewerRewind.csproj", "{01EDFA39-F6F2-4225-9345-5F61D63FC92E}"
EndProject
Project("{FAE04EC0-301F-11D3-BF4B-00C04F79EFBC}") = "BorderRewind", "BorderRewind\BorderRewind.csproj", "{1A586539-59E4-4281-A577-7247D7DFD5EF}"
EndProject
Project("{2150E333-8FDC-42A3-9474-1A3956D46DE8}") = "Learning", "Learning", "{62412F37-9D51-414E-8313-D3A3264913F2}"
EndProject
Project("{2150E333-8FDC-42A3-9474-1A3956D46DE8}") = "Layout Controls", "Layout Controls", "{0738D990-1E67-4FD7-8B24-D39277C55E85}"
EndProject
Project("{FAE04EC0-301F-11D3-BF4B-00C04F79EFBC}") = "LoginForm", "LoginForm\LoginForm.csproj", "{BEBCA091-9C69-4C6D-A4D3-C378DA4BB2E4}"
EndProject
Project("{FAE04EC0-301F-11D3-BF4B-00C04F79EFBC}") = "TabControlRewind", "TabControlRewind\TabControlRewind.csproj", "{861CB20B-1D30-4B66-BE2A-65D957BC9846}"
EndProject
Project("{2150E333-8FDC-42A3-9474-1A3956D46DE8}") = "Threading", "Threading", "{F4D65A38-DB88-4F4E-8926-CD5517FC5252}"
EndProject
Project("{FAE04EC0-301F-11D3-BF4B-00C04F79EFBC}") = "DispatcherObjectRewind", "DispatcherObjectRewind\DispatcherObjectRewind.csproj", "{69C552EE-AED5-4026-895E-E7C0DCC89F57}"
EndProject
Project("{2150E333-8FDC-42A3-9474-1A3956D46DE8}") = "Etc", "Etc", "{75D2C856-FA7E-4395-A7C8-E6161AD64956}"
EndProject
Project("{FAE04EC0-301F-11D3-BF4B-00C04F79EFBC}") = "TabItemSelectorEvent", "TabItemSelectorEvent\TabItemSelectorEvent.csproj", "{6A830577-A89B-42FA-92BF-EF2AAC5A36A7}"
EndProject
Project("{FAE04EC0-301F-11D3-BF4B-00C04F79EFBC}") = "TooltipRewind", "TooltipRewind\TooltipRewind.csproj", "{9672281F-FCFE-4A0F-A54B-60D1B80872E8}"
EndProject
Project("{FAE04EC0-301F-11D3-BF4B-00C04F79EFBC}") = "BrintIntoViewMethod", "BrintIntoViewMethod\BrintIntoViewMethod.csproj", "{21E981C3-5F1F-48EE-BC06-C42DCEE9081C}"
EndProject
Project("{FAE04EC0-301F-11D3-BF4B-00C04F79EFBC}") = "GridSplitterRewind", "GridSplitterRewind\GridSplitterRewind.csproj", "{0CB76A80-4BAA-4900-873A-70051EA16DF2}"
EndProject
Project("{FAE04EC0-301F-11D3-BF4B-00C04F79EFBC}") = "HitTestWPF", "HitTestWPF\HitTestWPF.csproj", "{5A8A0527-14D6-4866-9152-AF3150BB9A19}"
EndProject
Project("{FAE04EC0-301F-11D3-BF4B-00C04F79EFBC}") = "LabelAccessKeysRewind", "LabelAccessKeysRewind\LabelAccessKeysRewind.csproj", "{FB20C414-AAB0-4E6F-A145-32FC3DA0271F}"
EndProject
Project("{2150E333-8FDC-42A3-9474-1A3956D46DE8}") = "CommonControls", "CommonControls", "{F39030FD-7CBF-44F1-B2A5-4C064136E2BC}"
EndProject
Project("{FAE04EC0-301F-11D3-BF4B-00C04F79EFBC}") = "TextBoxScrollIntoLine", "TextBoxScrollIntoLine\TextBoxScrollIntoLine.csproj", "{E08C3558-1BE6-435B-A720-09167E3A965C}"
EndProject
Project("{FAE04EC0-301F-11D3-BF4B-00C04F79EFBC}") = "RichTextBoxRewind", "RichTextBoxRewind\RichTextBoxRewind.csproj", "{735B40FF-2573-4460-9C0F-5ED723E5BEDB}"
EndProject
Project("{FAE04EC0-301F-11D3-BF4B-00C04F79EFBC}") = "RichTextBox2Rewind", "RichTextBox2Rewind\RichTextBox2Rewind.csproj", "{3DDFE384-641A-4042-BDA2-1D77F5591390}"
EndProject
Project("{FAE04EC0-301F-11D3-BF4B-00C04F79EFBC}") = "ButtonDefaultAndCancel", "ButtonDefaultAndCancel\ButtonDefaultAndCancel.csproj", "{EF5ABB38-B01D-47DC-BE37-FF4BD4B49213}"
EndProject
Project("{FAE04EC0-301F-11D3-BF4B-00C04F79EFBC}") = "RepeatButton", "RepeatButton\RepeatButton.csproj", "{15B5A16F-B82F-4763-ADC3-04208DC2AF6E}"
EndProject
Project("{FAE04EC0-301F-11D3-BF4B-00C04F79EFBC}") = "CalendarRewind", "CalendarRewind\CalendarRewind.csproj", "{17FF5654-CC3E-4298-8A09-2227C62D16A0}"
EndProject
Project("{FAE04EC0-301F-11D3-BF4B-00C04F79EFBC}") = "ListBoxMultipleRewind", "ListBoxMultipleRewind\ListBoxMultipleRewind.csproj", "{E7D3B224-0244-49EE-BF18-7EFA170095D3}"
EndProject
Project("{FAE04EC0-301F-11D3-BF4B-00C04F79EFBC}") = "SliderRewind", "SliderRewind\SliderRewind.csproj", "{5F410EC9-AB2A-4017-85C1-1C8EAD915FE9}"
EndProject
Project("{FAE04EC0-301F-11D3-BF4B-00C04F79EFBC}") = "ToggleButtonRewind", "ToggleButtonRewind\ToggleButtonRewind.csproj", "{4D6F3634-D0C2-488B-BA3C-CF8DF9441E47}"
EndProject
Project("{FAE04EC0-301F-11D3-BF4B-00C04F79EFBC}") = "MenuRewind", "MenuRewind\MenuRewind.csproj", "{D2FF34FC-656F-40B7-ABD8-18FE87300980}"
EndProject
Project("{2150E333-8FDC-42A3-9474-1A3956D46DE8}") = "Data Binding Basic", "Data Binding Basic", "{38DB4DE0-2155-450A-8F37-37CF31774990}"
EndProject
Project("{FAE04EC0-301F-11D3-BF4B-00C04F79EFBC}") = "DataBindingBasic", "DataBindingBasic\DataBindingBasic.csproj", "{9A7F913F-335F-4E7E-8890-328A086F7695}"
EndProject
Project("{FAE04EC0-301F-11D3-BF4B-00C04F79EFBC}") = "RelativeBindingBasic", "RelativeBindingBasic\RelativeBindingBasic.csproj", "{E5CAF654-5650-440A-A67B-B77964ED9377}"
EndProject
Project("{FAE04EC0-301F-11D3-BF4B-00C04F79EFBC}") = "DataContextRewind", "DataContextRewind\DataContextRewind.csproj", "{EC8EEC60-DF46-4FB1-B198-63E40D420105}"
EndProject
Project("{FAE04EC0-301F-11D3-BF4B-00C04F79EFBC}") = "FallbackValue", "FallbackValue\FallbackValue.csproj", "{21C85BBA-4808-41B6-81C5-C098A973152C}"
EndProject
Project("{FAE04EC0-301F-11D3-BF4B-00C04F79EFBC}") = "StringFormatBinding", "StringFormatBinding\StringFormatBinding.csproj", "{B675CB54-B009-4E2E-AF34-082D59B7EA98}"
EndProject
Project("{FAE04EC0-301F-11D3-BF4B-00C04F79EFBC}") = "Converter1", "Converter1\Converter1.csproj", "{CA0C98EB-B161-4AD0-B056-78FA25BBD2A8}"
EndProject
Project("{FAE04EC0-301F-11D3-BF4B-00C04F79EFBC}") = "AsyncBinding", "AsyncBinding\AsyncBinding.csproj", "{20D09E78-204D-4EDB-9A72-DE6631980201}"
EndProject
Project("{FAE04EC0-301F-11D3-BF4B-00C04F79EFBC}") = "MultiBinding", "MultiBinding\MultiBinding.csproj", "{7F5A34C8-A79F-4375-B594-A8229B5D7B3F}"
EndProject
Project("{FAE04EC0-301F-11D3-BF4B-00C04F79EFBC}") = "MultiBinding2", "MultiBinding2\MultiBinding2.csproj", "{0C5B6AC5-D05C-483E-83D8-B617BF0078A5}"
EndProject
Project("{FAE04EC0-301F-11D3-BF4B-00C04F79EFBC}") = "ItemSourceRewind", "ItemSourceRewind\ItemSourceRewind.csproj", "{92A7DC18-6AEB-4A5C-A2FA-C722A045FC8B}"
EndProject
Project("{FAE04EC0-301F-11D3-BF4B-00C04F79EFBC}") = "DataTemplates", "DataTemplates\DataTemplates.csproj", "{AF09AD95-A130-41B8-8E87-9671D125DC14}"
EndProject
Project("{FAE04EC0-301F-11D3-BF4B-00C04F79EFBC}") = "CollectionViewsRewind", "CollectionViewsRewind\CollectionViewsRewind.csproj", "{EA9B1FE0-1A03-4E99-825C-9F74C716AA5D}"
EndProject
Project("{FAE04EC0-301F-11D3-BF4B-00C04F79EFBC}") = "CollectionViewFilter", "CollectionViewFilter\CollectionViewFilter.csproj", "{71407622-5EBA-42B7-8F22-E80CEC595A66}"
EndProject
Project("{FAE04EC0-301F-11D3-BF4B-00C04F79EFBC}") = "ListViewBasic", "ListViewBasic\ListViewBasic.csproj", "{A6652C8B-CEC4-4DA8-B3D2-73E3AD622879}"
EndProject
Project("{FAE04EC0-301F-11D3-BF4B-00C04F79EFBC}") = "TreeViewBasic", "TreeViewBasic\TreeViewBasic.csproj", "{78AFEB36-CB77-435A-A6B0-18D263AB6B15}"
EndProject
Project("{FAE04EC0-301F-11D3-BF4B-00C04F79EFBC}") = "TreeViewDataBinding1", "TreeViewDataBinding1\TreeViewDataBinding1.csproj", "{B60CC384-91A1-4A34-B16F-DC4D07E4A670}"
EndProject
Project("{FAE04EC0-301F-11D3-BF4B-00C04F79EFBC}") = "DatagridCustomColumn", "DatagridCustomColumn\DatagridCustomColumn.csproj", "{FB9DC2CA-98D1-47F0-B371-674FD95C8A59}"
EndProject
Project("{FAE04EC0-301F-11D3-BF4B-00C04F79EFBC}") = "TreeViewDataBinding2", "TreeViewDataBinding2\TreeViewDataBinding2.csproj", "{435C8484-D6D2-458A-B6BC-19B3F11E8BF1}"
EndProject
Project("{FAE04EC0-301F-11D3-BF4B-00C04F79EFBC}") = "TreeViewBinding3", "TreeViewBinding3\TreeViewBinding3.csproj", "{92E3C72B-3E5A-471A-8474-8B1C19002E92}"
EndProject
Project("{FAE04EC0-301F-11D3-BF4B-00C04F79EFBC}") = "TreeViewLazyLoading", "TreeViewLazyLoading\TreeViewLazyLoading.csproj", "{11772DDE-965D-41E8-A220-20B4D1D1A5A5}"
EndProject
Project("{FAE04EC0-301F-11D3-BF4B-00C04F79EFBC}") = "DataGridBasic", "DataGridBasic\DataGridBasic.csproj", "{040E8182-893B-4202-B14E-7E7C1F373EAD}"
EndProject
Global
	GlobalSection(SolutionConfigurationPlatforms) = preSolution
		Debug|Any CPU = Debug|Any CPU
		Release|Any CPU = Release|Any CPU
	EndGlobalSection
	GlobalSection(ProjectConfigurationPlatforms) = postSolution
		{5CCA3FAE-B3AD-431F-9F88-D72B63581EB1}.Debug|Any CPU.ActiveCfg = Debug|Any CPU
		{5CCA3FAE-B3AD-431F-9F88-D72B63581EB1}.Debug|Any CPU.Build.0 = Debug|Any CPU
		{5CCA3FAE-B3AD-431F-9F88-D72B63581EB1}.Release|Any CPU.ActiveCfg = Release|Any CPU
		{5CCA3FAE-B3AD-431F-9F88-D72B63581EB1}.Release|Any CPU.Build.0 = Release|Any CPU
		{5285B1FA-E653-4E81-AAB5-6D77C1E0EAED}.Debug|Any CPU.ActiveCfg = Debug|Any CPU
		{5285B1FA-E653-4E81-AAB5-6D77C1E0EAED}.Debug|Any CPU.Build.0 = Debug|Any CPU
		{5285B1FA-E653-4E81-AAB5-6D77C1E0EAED}.Release|Any CPU.ActiveCfg = Release|Any CPU
		{5285B1FA-E653-4E81-AAB5-6D77C1E0EAED}.Release|Any CPU.Build.0 = Release|Any CPU
		{55F78241-2D0F-437A-B356-0B742D9048E1}.Debug|Any CPU.ActiveCfg = Debug|Any CPU
		{55F78241-2D0F-437A-B356-0B742D9048E1}.Debug|Any CPU.Build.0 = Debug|Any CPU
		{55F78241-2D0F-437A-B356-0B742D9048E1}.Release|Any CPU.ActiveCfg = Release|Any CPU
		{55F78241-2D0F-437A-B356-0B742D9048E1}.Release|Any CPU.Build.0 = Release|Any CPU
		{96C7543E-A03B-4D1A-A741-F49CB625EDCD}.Debug|Any CPU.ActiveCfg = Debug|Any CPU
		{96C7543E-A03B-4D1A-A741-F49CB625EDCD}.Debug|Any CPU.Build.0 = Debug|Any CPU
		{96C7543E-A03B-4D1A-A741-F49CB625EDCD}.Release|Any CPU.ActiveCfg = Release|Any CPU
		{96C7543E-A03B-4D1A-A741-F49CB625EDCD}.Release|Any CPU.Build.0 = Release|Any CPU
		{F0A26DB2-5FA9-4B75-9971-B7ECE8BBC01C}.Debug|Any CPU.ActiveCfg = Debug|Any CPU
		{F0A26DB2-5FA9-4B75-9971-B7ECE8BBC01C}.Debug|Any CPU.Build.0 = Debug|Any CPU
		{F0A26DB2-5FA9-4B75-9971-B7ECE8BBC01C}.Release|Any CPU.ActiveCfg = Release|Any CPU
		{F0A26DB2-5FA9-4B75-9971-B7ECE8BBC01C}.Release|Any CPU.Build.0 = Release|Any CPU
		{8EE53B92-86FD-4353-8EA6-43C2184F2FF1}.Debug|Any CPU.ActiveCfg = Debug|Any CPU
		{8EE53B92-86FD-4353-8EA6-43C2184F2FF1}.Debug|Any CPU.Build.0 = Debug|Any CPU
		{8EE53B92-86FD-4353-8EA6-43C2184F2FF1}.Release|Any CPU.ActiveCfg = Release|Any CPU
		{8EE53B92-86FD-4353-8EA6-43C2184F2FF1}.Release|Any CPU.Build.0 = Release|Any CPU
		{01EDFA39-F6F2-4225-9345-5F61D63FC92E}.Debug|Any CPU.ActiveCfg = Debug|Any CPU
		{01EDFA39-F6F2-4225-9345-5F61D63FC92E}.Debug|Any CPU.Build.0 = Debug|Any CPU
		{01EDFA39-F6F2-4225-9345-5F61D63FC92E}.Release|Any CPU.ActiveCfg = Release|Any CPU
		{01EDFA39-F6F2-4225-9345-5F61D63FC92E}.Release|Any CPU.Build.0 = Release|Any CPU
		{1A586539-59E4-4281-A577-7247D7DFD5EF}.Debug|Any CPU.ActiveCfg = Debug|Any CPU
		{1A586539-59E4-4281-A577-7247D7DFD5EF}.Debug|Any CPU.Build.0 = Debug|Any CPU
		{1A586539-59E4-4281-A577-7247D7DFD5EF}.Release|Any CPU.ActiveCfg = Release|Any CPU
		{1A586539-59E4-4281-A577-7247D7DFD5EF}.Release|Any CPU.Build.0 = Release|Any CPU
		{BEBCA091-9C69-4C6D-A4D3-C378DA4BB2E4}.Debug|Any CPU.ActiveCfg = Debug|Any CPU
		{BEBCA091-9C69-4C6D-A4D3-C378DA4BB2E4}.Debug|Any CPU.Build.0 = Debug|Any CPU
		{BEBCA091-9C69-4C6D-A4D3-C378DA4BB2E4}.Release|Any CPU.ActiveCfg = Release|Any CPU
		{BEBCA091-9C69-4C6D-A4D3-C378DA4BB2E4}.Release|Any CPU.Build.0 = Release|Any CPU
		{861CB20B-1D30-4B66-BE2A-65D957BC9846}.Debug|Any CPU.ActiveCfg = Debug|Any CPU
		{861CB20B-1D30-4B66-BE2A-65D957BC9846}.Debug|Any CPU.Build.0 = Debug|Any CPU
		{861CB20B-1D30-4B66-BE2A-65D957BC9846}.Release|Any CPU.ActiveCfg = Release|Any CPU
		{861CB20B-1D30-4B66-BE2A-65D957BC9846}.Release|Any CPU.Build.0 = Release|Any CPU
		{69C552EE-AED5-4026-895E-E7C0DCC89F57}.Debug|Any CPU.ActiveCfg = Debug|Any CPU
		{69C552EE-AED5-4026-895E-E7C0DCC89F57}.Debug|Any CPU.Build.0 = Debug|Any CPU
		{69C552EE-AED5-4026-895E-E7C0DCC89F57}.Release|Any CPU.ActiveCfg = Release|Any CPU
		{69C552EE-AED5-4026-895E-E7C0DCC89F57}.Release|Any CPU.Build.0 = Release|Any CPU
		{6A830577-A89B-42FA-92BF-EF2AAC5A36A7}.Debug|Any CPU.ActiveCfg = Debug|Any CPU
		{6A830577-A89B-42FA-92BF-EF2AAC5A36A7}.Debug|Any CPU.Build.0 = Debug|Any CPU
		{6A830577-A89B-42FA-92BF-EF2AAC5A36A7}.Release|Any CPU.ActiveCfg = Release|Any CPU
		{6A830577-A89B-42FA-92BF-EF2AAC5A36A7}.Release|Any CPU.Build.0 = Release|Any CPU
		{9672281F-FCFE-4A0F-A54B-60D1B80872E8}.Debug|Any CPU.ActiveCfg = Debug|Any CPU
		{9672281F-FCFE-4A0F-A54B-60D1B80872E8}.Debug|Any CPU.Build.0 = Debug|Any CPU
		{9672281F-FCFE-4A0F-A54B-60D1B80872E8}.Release|Any CPU.ActiveCfg = Release|Any CPU
		{9672281F-FCFE-4A0F-A54B-60D1B80872E8}.Release|Any CPU.Build.0 = Release|Any CPU
		{21E981C3-5F1F-48EE-BC06-C42DCEE9081C}.Debug|Any CPU.ActiveCfg = Debug|Any CPU
		{21E981C3-5F1F-48EE-BC06-C42DCEE9081C}.Debug|Any CPU.Build.0 = Debug|Any CPU
		{21E981C3-5F1F-48EE-BC06-C42DCEE9081C}.Release|Any CPU.ActiveCfg = Release|Any CPU
		{21E981C3-5F1F-48EE-BC06-C42DCEE9081C}.Release|Any CPU.Build.0 = Release|Any CPU
		{0CB76A80-4BAA-4900-873A-70051EA16DF2}.Debug|Any CPU.ActiveCfg = Debug|Any CPU
		{0CB76A80-4BAA-4900-873A-70051EA16DF2}.Debug|Any CPU.Build.0 = Debug|Any CPU
		{0CB76A80-4BAA-4900-873A-70051EA16DF2}.Release|Any CPU.ActiveCfg = Release|Any CPU
		{0CB76A80-4BAA-4900-873A-70051EA16DF2}.Release|Any CPU.Build.0 = Release|Any CPU
		{5A8A0527-14D6-4866-9152-AF3150BB9A19}.Debug|Any CPU.ActiveCfg = Debug|Any CPU
		{5A8A0527-14D6-4866-9152-AF3150BB9A19}.Debug|Any CPU.Build.0 = Debug|Any CPU
		{5A8A0527-14D6-4866-9152-AF3150BB9A19}.Release|Any CPU.ActiveCfg = Release|Any CPU
		{5A8A0527-14D6-4866-9152-AF3150BB9A19}.Release|Any CPU.Build.0 = Release|Any CPU
		{FB20C414-AAB0-4E6F-A145-32FC3DA0271F}.Debug|Any CPU.ActiveCfg = Debug|Any CPU
		{FB20C414-AAB0-4E6F-A145-32FC3DA0271F}.Debug|Any CPU.Build.0 = Debug|Any CPU
		{FB20C414-AAB0-4E6F-A145-32FC3DA0271F}.Release|Any CPU.ActiveCfg = Release|Any CPU
		{FB20C414-AAB0-4E6F-A145-32FC3DA0271F}.Release|Any CPU.Build.0 = Release|Any CPU
		{E08C3558-1BE6-435B-A720-09167E3A965C}.Debug|Any CPU.ActiveCfg = Debug|Any CPU
		{E08C3558-1BE6-435B-A720-09167E3A965C}.Debug|Any CPU.Build.0 = Debug|Any CPU
		{E08C3558-1BE6-435B-A720-09167E3A965C}.Release|Any CPU.ActiveCfg = Release|Any CPU
		{E08C3558-1BE6-435B-A720-09167E3A965C}.Release|Any CPU.Build.0 = Release|Any CPU
		{735B40FF-2573-4460-9C0F-5ED723E5BEDB}.Debug|Any CPU.ActiveCfg = Debug|Any CPU
		{735B40FF-2573-4460-9C0F-5ED723E5BEDB}.Debug|Any CPU.Build.0 = Debug|Any CPU
		{735B40FF-2573-4460-9C0F-5ED723E5BEDB}.Release|Any CPU.ActiveCfg = Release|Any CPU
		{735B40FF-2573-4460-9C0F-5ED723E5BEDB}.Release|Any CPU.Build.0 = Release|Any CPU
		{3DDFE384-641A-4042-BDA2-1D77F5591390}.Debug|Any CPU.ActiveCfg = Debug|Any CPU
		{3DDFE384-641A-4042-BDA2-1D77F5591390}.Debug|Any CPU.Build.0 = Debug|Any CPU
		{3DDFE384-641A-4042-BDA2-1D77F5591390}.Release|Any CPU.ActiveCfg = Release|Any CPU
		{3DDFE384-641A-4042-BDA2-1D77F5591390}.Release|Any CPU.Build.0 = Release|Any CPU
		{EF5ABB38-B01D-47DC-BE37-FF4BD4B49213}.Debug|Any CPU.ActiveCfg = Debug|Any CPU
		{EF5ABB38-B01D-47DC-BE37-FF4BD4B49213}.Debug|Any CPU.Build.0 = Debug|Any CPU
		{EF5ABB38-B01D-47DC-BE37-FF4BD4B49213}.Release|Any CPU.ActiveCfg = Release|Any CPU
		{EF5ABB38-B01D-47DC-BE37-FF4BD4B49213}.Release|Any CPU.Build.0 = Release|Any CPU
		{15B5A16F-B82F-4763-ADC3-04208DC2AF6E}.Debug|Any CPU.ActiveCfg = Debug|Any CPU
		{15B5A16F-B82F-4763-ADC3-04208DC2AF6E}.Debug|Any CPU.Build.0 = Debug|Any CPU
		{15B5A16F-B82F-4763-ADC3-04208DC2AF6E}.Release|Any CPU.ActiveCfg = Release|Any CPU
		{15B5A16F-B82F-4763-ADC3-04208DC2AF6E}.Release|Any CPU.Build.0 = Release|Any CPU
		{17FF5654-CC3E-4298-8A09-2227C62D16A0}.Debug|Any CPU.ActiveCfg = Debug|Any CPU
		{17FF5654-CC3E-4298-8A09-2227C62D16A0}.Debug|Any CPU.Build.0 = Debug|Any CPU
		{17FF5654-CC3E-4298-8A09-2227C62D16A0}.Release|Any CPU.ActiveCfg = Release|Any CPU
		{17FF5654-CC3E-4298-8A09-2227C62D16A0}.Release|Any CPU.Build.0 = Release|Any CPU
		{E7D3B224-0244-49EE-BF18-7EFA170095D3}.Debug|Any CPU.ActiveCfg = Debug|Any CPU
		{E7D3B224-0244-49EE-BF18-7EFA170095D3}.Debug|Any CPU.Build.0 = Debug|Any CPU
		{E7D3B224-0244-49EE-BF18-7EFA170095D3}.Release|Any CPU.ActiveCfg = Release|Any CPU
		{E7D3B224-0244-49EE-BF18-7EFA170095D3}.Release|Any CPU.Build.0 = Release|Any CPU
		{5F410EC9-AB2A-4017-85C1-1C8EAD915FE9}.Debug|Any CPU.ActiveCfg = Debug|Any CPU
		{5F410EC9-AB2A-4017-85C1-1C8EAD915FE9}.Debug|Any CPU.Build.0 = Debug|Any CPU
		{5F410EC9-AB2A-4017-85C1-1C8EAD915FE9}.Release|Any CPU.ActiveCfg = Release|Any CPU
		{5F410EC9-AB2A-4017-85C1-1C8EAD915FE9}.Release|Any CPU.Build.0 = Release|Any CPU
		{4D6F3634-D0C2-488B-BA3C-CF8DF9441E47}.Debug|Any CPU.ActiveCfg = Debug|Any CPU
		{4D6F3634-D0C2-488B-BA3C-CF8DF9441E47}.Debug|Any CPU.Build.0 = Debug|Any CPU
		{4D6F3634-D0C2-488B-BA3C-CF8DF9441E47}.Release|Any CPU.ActiveCfg = Release|Any CPU
		{4D6F3634-D0C2-488B-BA3C-CF8DF9441E47}.Release|Any CPU.Build.0 = Release|Any CPU
		{D2FF34FC-656F-40B7-ABD8-18FE87300980}.Debug|Any CPU.ActiveCfg = Debug|Any CPU
		{D2FF34FC-656F-40B7-ABD8-18FE87300980}.Debug|Any CPU.Build.0 = Debug|Any CPU
		{D2FF34FC-656F-40B7-ABD8-18FE87300980}.Release|Any CPU.ActiveCfg = Release|Any CPU
		{D2FF34FC-656F-40B7-ABD8-18FE87300980}.Release|Any CPU.Build.0 = Release|Any CPU
		{9A7F913F-335F-4E7E-8890-328A086F7695}.Debug|Any CPU.ActiveCfg = Debug|Any CPU
		{9A7F913F-335F-4E7E-8890-328A086F7695}.Debug|Any CPU.Build.0 = Debug|Any CPU
		{9A7F913F-335F-4E7E-8890-328A086F7695}.Release|Any CPU.ActiveCfg = Release|Any CPU
		{9A7F913F-335F-4E7E-8890-328A086F7695}.Release|Any CPU.Build.0 = Release|Any CPU
		{E5CAF654-5650-440A-A67B-B77964ED9377}.Debug|Any CPU.ActiveCfg = Debug|Any CPU
		{E5CAF654-5650-440A-A67B-B77964ED9377}.Debug|Any CPU.Build.0 = Debug|Any CPU
		{E5CAF654-5650-440A-A67B-B77964ED9377}.Release|Any CPU.ActiveCfg = Release|Any CPU
		{E5CAF654-5650-440A-A67B-B77964ED9377}.Release|Any CPU.Build.0 = Release|Any CPU
		{EC8EEC60-DF46-4FB1-B198-63E40D420105}.Debug|Any CPU.ActiveCfg = Debug|Any CPU
		{EC8EEC60-DF46-4FB1-B198-63E40D420105}.Debug|Any CPU.Build.0 = Debug|Any CPU
		{EC8EEC60-DF46-4FB1-B198-63E40D420105}.Release|Any CPU.ActiveCfg = Release|Any CPU
		{EC8EEC60-DF46-4FB1-B198-63E40D420105}.Release|Any CPU.Build.0 = Release|Any CPU
		{21C85BBA-4808-41B6-81C5-C098A973152C}.Debug|Any CPU.ActiveCfg = Debug|Any CPU
		{21C85BBA-4808-41B6-81C5-C098A973152C}.Debug|Any CPU.Build.0 = Debug|Any CPU
		{21C85BBA-4808-41B6-81C5-C098A973152C}.Release|Any CPU.ActiveCfg = Release|Any CPU
		{21C85BBA-4808-41B6-81C5-C098A973152C}.Release|Any CPU.Build.0 = Release|Any CPU
		{B675CB54-B009-4E2E-AF34-082D59B7EA98}.Debug|Any CPU.ActiveCfg = Debug|Any CPU
		{B675CB54-B009-4E2E-AF34-082D59B7EA98}.Debug|Any CPU.Build.0 = Debug|Any CPU
		{B675CB54-B009-4E2E-AF34-082D59B7EA98}.Release|Any CPU.ActiveCfg = Release|Any CPU
		{B675CB54-B009-4E2E-AF34-082D59B7EA98}.Release|Any CPU.Build.0 = Release|Any CPU
		{CA0C98EB-B161-4AD0-B056-78FA25BBD2A8}.Debug|Any CPU.ActiveCfg = Debug|Any CPU
		{CA0C98EB-B161-4AD0-B056-78FA25BBD2A8}.Debug|Any CPU.Build.0 = Debug|Any CPU
		{CA0C98EB-B161-4AD0-B056-78FA25BBD2A8}.Release|Any CPU.ActiveCfg = Release|Any CPU
		{CA0C98EB-B161-4AD0-B056-78FA25BBD2A8}.Release|Any CPU.Build.0 = Release|Any CPU
		{20D09E78-204D-4EDB-9A72-DE6631980201}.Debug|Any CPU.ActiveCfg = Debug|Any CPU
		{20D09E78-204D-4EDB-9A72-DE6631980201}.Debug|Any CPU.Build.0 = Debug|Any CPU
		{20D09E78-204D-4EDB-9A72-DE6631980201}.Release|Any CPU.ActiveCfg = Release|Any CPU
		{20D09E78-204D-4EDB-9A72-DE6631980201}.Release|Any CPU.Build.0 = Release|Any CPU
		{7F5A34C8-A79F-4375-B594-A8229B5D7B3F}.Debug|Any CPU.ActiveCfg = Debug|Any CPU
		{7F5A34C8-A79F-4375-B594-A8229B5D7B3F}.Debug|Any CPU.Build.0 = Debug|Any CPU
		{7F5A34C8-A79F-4375-B594-A8229B5D7B3F}.Release|Any CPU.ActiveCfg = Release|Any CPU
		{7F5A34C8-A79F-4375-B594-A8229B5D7B3F}.Release|Any CPU.Build.0 = Release|Any CPU
		{0C5B6AC5-D05C-483E-83D8-B617BF0078A5}.Debug|Any CPU.ActiveCfg = Debug|Any CPU
		{0C5B6AC5-D05C-483E-83D8-B617BF0078A5}.Debug|Any CPU.Build.0 = Debug|Any CPU
		{0C5B6AC5-D05C-483E-83D8-B617BF0078A5}.Release|Any CPU.ActiveCfg = Release|Any CPU
		{0C5B6AC5-D05C-483E-83D8-B617BF0078A5}.Release|Any CPU.Build.0 = Release|Any CPU
		{92A7DC18-6AEB-4A5C-A2FA-C722A045FC8B}.Debug|Any CPU.ActiveCfg = Debug|Any CPU
		{92A7DC18-6AEB-4A5C-A2FA-C722A045FC8B}.Debug|Any CPU.Build.0 = Debug|Any CPU
		{92A7DC18-6AEB-4A5C-A2FA-C722A045FC8B}.Release|Any CPU.ActiveCfg = Release|Any CPU
		{92A7DC18-6AEB-4A5C-A2FA-C722A045FC8B}.Release|Any CPU.Build.0 = Release|Any CPU
		{AF09AD95-A130-41B8-8E87-9671D125DC14}.Debug|Any CPU.ActiveCfg = Debug|Any CPU
		{AF09AD95-A130-41B8-8E87-9671D125DC14}.Debug|Any CPU.Build.0 = Debug|Any CPU
		{AF09AD95-A130-41B8-8E87-9671D125DC14}.Release|Any CPU.ActiveCfg = Release|Any CPU
		{AF09AD95-A130-41B8-8E87-9671D125DC14}.Release|Any CPU.Build.0 = Release|Any CPU
		{EA9B1FE0-1A03-4E99-825C-9F74C716AA5D}.Debug|Any CPU.ActiveCfg = Debug|Any CPU
		{EA9B1FE0-1A03-4E99-825C-9F74C716AA5D}.Debug|Any CPU.Build.0 = Debug|Any CPU
		{EA9B1FE0-1A03-4E99-825C-9F74C716AA5D}.Release|Any CPU.ActiveCfg = Release|Any CPU
		{EA9B1FE0-1A03-4E99-825C-9F74C716AA5D}.Release|Any CPU.Build.0 = Release|Any CPU
		{71407622-5EBA-42B7-8F22-E80CEC595A66}.Debug|Any CPU.ActiveCfg = Debug|Any CPU
		{71407622-5EBA-42B7-8F22-E80CEC595A66}.Debug|Any CPU.Build.0 = Debug|Any CPU
		{71407622-5EBA-42B7-8F22-E80CEC595A66}.Release|Any CPU.ActiveCfg = Release|Any CPU
		{71407622-5EBA-42B7-8F22-E80CEC595A66}.Release|Any CPU.Build.0 = Release|Any CPU
		{A6652C8B-CEC4-4DA8-B3D2-73E3AD622879}.Debug|Any CPU.ActiveCfg = Debug|Any CPU
		{A6652C8B-CEC4-4DA8-B3D2-73E3AD622879}.Debug|Any CPU.Build.0 = Debug|Any CPU
		{A6652C8B-CEC4-4DA8-B3D2-73E3AD622879}.Release|Any CPU.ActiveCfg = Release|Any CPU
		{A6652C8B-CEC4-4DA8-B3D2-73E3AD622879}.Release|Any CPU.Build.0 = Release|Any CPU
		{78AFEB36-CB77-435A-A6B0-18D263AB6B15}.Debug|Any CPU.ActiveCfg = Debug|Any CPU
		{78AFEB36-CB77-435A-A6B0-18D263AB6B15}.Debug|Any CPU.Build.0 = Debug|Any CPU
		{78AFEB36-CB77-435A-A6B0-18D263AB6B15}.Release|Any CPU.ActiveCfg = Release|Any CPU
		{78AFEB36-CB77-435A-A6B0-18D263AB6B15}.Release|Any CPU.Build.0 = Release|Any CPU
		{B60CC384-91A1-4A34-B16F-DC4D07E4A670}.Debug|Any CPU.ActiveCfg = Debug|Any CPU
		{B60CC384-91A1-4A34-B16F-DC4D07E4A670}.Debug|Any CPU.Build.0 = Debug|Any CPU
		{B60CC384-91A1-4A34-B16F-DC4D07E4A670}.Release|Any CPU.ActiveCfg = Release|Any CPU
		{B60CC384-91A1-4A34-B16F-DC4D07E4A670}.Release|Any CPU.Build.0 = Release|Any CPU
		{FB9DC2CA-98D1-47F0-B371-674FD95C8A59}.Debug|Any CPU.ActiveCfg = Debug|Any CPU
		{FB9DC2CA-98D1-47F0-B371-674FD95C8A59}.Debug|Any CPU.Build.0 = Debug|Any CPU
		{FB9DC2CA-98D1-47F0-B371-674FD95C8A59}.Release|Any CPU.ActiveCfg = Release|Any CPU
		{FB9DC2CA-98D1-47F0-B371-674FD95C8A59}.Release|Any CPU.Build.0 = Release|Any CPU
		{435C8484-D6D2-458A-B6BC-19B3F11E8BF1}.Debug|Any CPU.ActiveCfg = Debug|Any CPU
		{435C8484-D6D2-458A-B6BC-19B3F11E8BF1}.Debug|Any CPU.Build.0 = Debug|Any CPU
		{435C8484-D6D2-458A-B6BC-19B3F11E8BF1}.Release|Any CPU.ActiveCfg = Release|Any CPU
		{435C8484-D6D2-458A-B6BC-19B3F11E8BF1}.Release|Any CPU.Build.0 = Release|Any CPU
		{92E3C72B-3E5A-471A-8474-8B1C19002E92}.Debug|Any CPU.ActiveCfg = Debug|Any CPU
		{92E3C72B-3E5A-471A-8474-8B1C19002E92}.Debug|Any CPU.Build.0 = Debug|Any CPU
		{92E3C72B-3E5A-471A-8474-8B1C19002E92}.Release|Any CPU.ActiveCfg = Release|Any CPU
		{92E3C72B-3E5A-471A-8474-8B1C19002E92}.Release|Any CPU.Build.0 = Release|Any CPU
		{11772DDE-965D-41E8-A220-20B4D1D1A5A5}.Debug|Any CPU.ActiveCfg = Debug|Any CPU
		{11772DDE-965D-41E8-A220-20B4D1D1A5A5}.Debug|Any CPU.Build.0 = Debug|Any CPU
		{11772DDE-965D-41E8-A220-20B4D1D1A5A5}.Release|Any CPU.ActiveCfg = Release|Any CPU
		{11772DDE-965D-41E8-A220-20B4D1D1A5A5}.Release|Any CPU.Build.0 = Release|Any CPU
		{040E8182-893B-4202-B14E-7E7C1F373EAD}.Debug|Any CPU.ActiveCfg = Debug|Any CPU
		{040E8182-893B-4202-B14E-7E7C1F373EAD}.Debug|Any CPU.Build.0 = Debug|Any CPU
		{040E8182-893B-4202-B14E-7E7C1F373EAD}.Release|Any CPU.ActiveCfg = Release|Any CPU
		{040E8182-893B-4202-B14E-7E7C1F373EAD}.Release|Any CPU.Build.0 = Release|Any CPU
	EndGlobalSection
	GlobalSection(SolutionProperties) = preSolution
		HideSolutionNode = FALSE
	EndGlobalSection
	GlobalSection(NestedProjects) = preSolution
		{5285B1FA-E653-4E81-AAB5-6D77C1E0EAED} = {86919579-101A-4978-B025-EA806034A85B}
		{55F78241-2D0F-437A-B356-0B742D9048E1} = {86919579-101A-4978-B025-EA806034A85B}
		{96C7543E-A03B-4D1A-A741-F49CB625EDCD} = {86919579-101A-4978-B025-EA806034A85B}
		{F0A26DB2-5FA9-4B75-9971-B7ECE8BBC01C} = {86919579-101A-4978-B025-EA806034A85B}
		{8EE53B92-86FD-4353-8EA6-43C2184F2FF1} = {86919579-101A-4978-B025-EA806034A85B}
		{01EDFA39-F6F2-4225-9345-5F61D63FC92E} = {86919579-101A-4978-B025-EA806034A85B}
		{1A586539-59E4-4281-A577-7247D7DFD5EF} = {86919579-101A-4978-B025-EA806034A85B}
		{0738D990-1E67-4FD7-8B24-D39277C55E85} = {62412F37-9D51-414E-8313-D3A3264913F2}
		{BEBCA091-9C69-4C6D-A4D3-C378DA4BB2E4} = {0738D990-1E67-4FD7-8B24-D39277C55E85}
		{861CB20B-1D30-4B66-BE2A-65D957BC9846} = {86919579-101A-4978-B025-EA806034A85B}
		{69C552EE-AED5-4026-895E-E7C0DCC89F57} = {F4D65A38-DB88-4F4E-8926-CD5517FC5252}
		{6A830577-A89B-42FA-92BF-EF2AAC5A36A7} = {75D2C856-FA7E-4395-A7C8-E6161AD64956}
		{9672281F-FCFE-4A0F-A54B-60D1B80872E8} = {75D2C856-FA7E-4395-A7C8-E6161AD64956}
		{21E981C3-5F1F-48EE-BC06-C42DCEE9081C} = {75D2C856-FA7E-4395-A7C8-E6161AD64956}
		{0CB76A80-4BAA-4900-873A-70051EA16DF2} = {75D2C856-FA7E-4395-A7C8-E6161AD64956}
		{5A8A0527-14D6-4866-9152-AF3150BB9A19} = {75D2C856-FA7E-4395-A7C8-E6161AD64956}
		{FB20C414-AAB0-4E6F-A145-32FC3DA0271F} = {75D2C856-FA7E-4395-A7C8-E6161AD64956}
		{E08C3558-1BE6-435B-A720-09167E3A965C} = {F39030FD-7CBF-44F1-B2A5-4C064136E2BC}
		{735B40FF-2573-4460-9C0F-5ED723E5BEDB} = {F39030FD-7CBF-44F1-B2A5-4C064136E2BC}
		{3DDFE384-641A-4042-BDA2-1D77F5591390} = {F39030FD-7CBF-44F1-B2A5-4C064136E2BC}
		{EF5ABB38-B01D-47DC-BE37-FF4BD4B49213} = {F39030FD-7CBF-44F1-B2A5-4C064136E2BC}
		{15B5A16F-B82F-4763-ADC3-04208DC2AF6E} = {F39030FD-7CBF-44F1-B2A5-4C064136E2BC}
		{17FF5654-CC3E-4298-8A09-2227C62D16A0} = {F39030FD-7CBF-44F1-B2A5-4C064136E2BC}
		{E7D3B224-0244-49EE-BF18-7EFA170095D3} = {F39030FD-7CBF-44F1-B2A5-4C064136E2BC}
		{5F410EC9-AB2A-4017-85C1-1C8EAD915FE9} = {F39030FD-7CBF-44F1-B2A5-4C064136E2BC}
		{4D6F3634-D0C2-488B-BA3C-CF8DF9441E47} = {F39030FD-7CBF-44F1-B2A5-4C064136E2BC}
		{D2FF34FC-656F-40B7-ABD8-18FE87300980} = {F39030FD-7CBF-44F1-B2A5-4C064136E2BC}
		{9A7F913F-335F-4E7E-8890-328A086F7695} = {38DB4DE0-2155-450A-8F37-37CF31774990}
		{E5CAF654-5650-440A-A67B-B77964ED9377} = {38DB4DE0-2155-450A-8F37-37CF31774990}
		{EC8EEC60-DF46-4FB1-B198-63E40D420105} = {38DB4DE0-2155-450A-8F37-37CF31774990}
		{21C85BBA-4808-41B6-81C5-C098A973152C} = {38DB4DE0-2155-450A-8F37-37CF31774990}
		{B675CB54-B009-4E2E-AF34-082D59B7EA98} = {38DB4DE0-2155-450A-8F37-37CF31774990}
		{CA0C98EB-B161-4AD0-B056-78FA25BBD2A8} = {38DB4DE0-2155-450A-8F37-37CF31774990}
		{20D09E78-204D-4EDB-9A72-DE6631980201} = {38DB4DE0-2155-450A-8F37-37CF31774990}
		{7F5A34C8-A79F-4375-B594-A8229B5D7B3F} = {38DB4DE0-2155-450A-8F37-37CF31774990}
		{0C5B6AC5-D05C-483E-83D8-B617BF0078A5} = {38DB4DE0-2155-450A-8F37-37CF31774990}
		{92A7DC18-6AEB-4A5C-A2FA-C722A045FC8B} = {38DB4DE0-2155-450A-8F37-37CF31774990}
		{AF09AD95-A130-41B8-8E87-9671D125DC14} = {38DB4DE0-2155-450A-8F37-37CF31774990}
		{EA9B1FE0-1A03-4E99-825C-9F74C716AA5D} = {38DB4DE0-2155-450A-8F37-37CF31774990}
		{71407622-5EBA-42B7-8F22-E80CEC595A66} = {38DB4DE0-2155-450A-8F37-37CF31774990}
		{A6652C8B-CEC4-4DA8-B3D2-73E3AD622879} = {F39030FD-7CBF-44F1-B2A5-4C064136E2BC}
		{78AFEB36-CB77-435A-A6B0-18D263AB6B15} = {F39030FD-7CBF-44F1-B2A5-4C064136E2BC}
		{B60CC384-91A1-4A34-B16F-DC4D07E4A670} = {38DB4DE0-2155-450A-8F37-37CF31774990}
		{FB9DC2CA-98D1-47F0-B371-674FD95C8A59} = {F39030FD-7CBF-44F1-B2A5-4C064136E2BC}
		{435C8484-D6D2-458A-B6BC-19B3F11E8BF1} = {38DB4DE0-2155-450A-8F37-37CF31774990}
		{92E3C72B-3E5A-471A-8474-8B1C19002E92} = {38DB4DE0-2155-450A-8F37-37CF31774990}
		{11772DDE-965D-41E8-A220-20B4D1D1A5A5} = {F39030FD-7CBF-44F1-B2A5-4C064136E2BC}
		{040E8182-893B-4202-B14E-7E7C1F373EAD} = {F39030FD-7CBF-44F1-B2A5-4C064136E2BC}
	EndGlobalSection
	GlobalSection(ExtensibilityGlobals) = postSolution
		SolutionGuid = {EB96DFD7-D65D-4D03-8AD6-05DAF687F5B0}
	EndGlobalSection
EndGlobal
